
Microsoft Visual Studio Solution File, Format Version 12.00
# Visual Studio 15
VisualStudioVersion = 15.0.28010.2036
MinimumVisualStudioVersion = 10.0.40219.1
Project("{9A19103F-16F7-4668-BE54-9A1E7A4F7556}") = "TaxWebApp", "TaxWebApp.csproj", "{B7243E56-64EF-4450-9A24-33E415B59CAE}"
EndProject
Global
	GlobalSection(SolutionConfigurationPlatforms) = preSolution
		Debug|Any CPU = Debug|Any CPU
		Release|Any CPU = Release|Any CPU
	EndGlobalSection
	GlobalSection(ProjectConfigurationPlatforms) = postSolution
		{B7243E56-64EF-4450-9A24-33E415B59CAE}.Debug|Any CPU.ActiveCfg = Debug|Any CPU
		{B7243E56-64EF-4450-9A24-33E415B59CAE}.Debug|Any CPU.Build.0 = Debug|Any CPU
		{B7243E56-64EF-4450-9A24-33E415B59CAE}.Release|Any CPU.ActiveCfg = Release|Any CPU
		{B7243E56-64EF-4450-9A24-33E415B59CAE}.Release|Any CPU.Build.0 = Release|Any CPU
	EndGlobalSection
	GlobalSection(SolutionProperties) = preSolution
		HideSolutionNode = FALSE
	EndGlobalSection
	GlobalSection(ExtensibilityGlobals) = postSolution
		SolutionGuid = {F04D4096-A921-4247-836F-2484EE66FE14}
	EndGlobalSection
EndGlobal
